{
  "version": 3,
  "mopsTomlDepsHash": "5c194e040ba14768b344383a1d876217dfa18da21e42dc77592af8cb33bb6850",
  "deps": {
    "base": "0.11.1",
    "caffeineai-authorization": "1.0.1",
    "caffeineai-lints": "0.1.1",
    "caffeineai-oql": "0.6.2",
    "core": "2.6.2",
    "ic": "4.2.0",
    "identity-attributes": "0.4.0",
    "json": "1.4.0",
    "xtended-numbers": "0.3.1"
  },
  "graph": {
    "base@0.11.1": {},
    "caffeineai-authorization@1.0.1": {
      "core": "2.5.0",
      "identity-attributes": "0.4.0"
    },
    "caffeineai-lints@0.1.1": {},
    "caffeineai-oql@0.6.2": {
      "core": "2.6.0",
      "json": "1.4.0"
    },
    "core@2.5.0": {},
    "core@2.6.0": {},
    "core@2.6.2": {},
    "ic@4.2.0": {
      "core": "2.5.0"
    },
    "identity-attributes@0.4.0": {
      "core": "2.5.0"
    },
    "json@1.4.0": {
      "xtended-numbers": "0.3.1"
    },
    "xtended-numbers@0.3.1": {
      "base": "0.11.1"
    }
  },
  "hashes": {
    "base@0.11.1": {
      "base@0.11.1/LICENSE": "166bd8e8cf7790087d1fd18a9fa4d060cc0d0b3e5ab30689aa5f3a59a93386bf",
      "base@0.11.1/NOTICE": "3960a8d25fa5fc909325817b08b36c1146970930ca15b6352f8ea6db803cab47",
      "base@0.11.1/README.md": "f45244a47229456939321014b550e3360b4f8c4d0fd60aa60bbba7e9eacbc8de",
      "base@0.11.1/mops.toml": "0fcea237b17591c413501448afeaf31df4c64d11ff5bb52d6735dabde85ce6b5",
      "base@0.11.1/src/Array.mo": "1bc8ca9a63ffe11bcb18778ad59ae7266a20a12d66f98d8d7bfcd797ef6212c9",
      "base@0.11.1/src/AssocList.mo": "f883783cdd34b3cdcd2770350f04704fd0dfb46e0285952ae71fb415e58ff722",
      "base@0.11.1/src/Blob.mo": "9d4b10667080778bca66cb534f1e0a1477e5247a970170f4ba19e7c58cc4939d",
      "base@0.11.1/src/Bool.mo": "65faf01dc6e3609ed2f729b813811506951adcce71c081fc6edcdbae4c8b1169",
      "base@0.11.1/src/Buffer.mo": "7ad75dec25ea37e964c536d6bb86ed90cc48047feedb57c9ded359bea49045f7",
      "base@0.11.1/src/CertifiedData.mo": "51a205989529f6b4fe788f78be0de2da1cb96f6532aac8accccbf4421cce3d06",
      "base@0.11.1/src/Char.mo": "dc34cfe3482b92134e5604629377b4236367f2f31d8a82b81084ca5cadf31c2e",
      "base@0.11.1/src/Debug.mo": "3bc1b92c7e849ae09bd5bc43397d625c07ce80d1089cfe12cde6e6fee6a6ab7b",
      "base@0.11.1/src/Deque.mo": "bc2f1039d080d21087049cd259dd166cf07b4d12a6bbb949b7de2dca723b1e5b",
      "base@0.11.1/src/Error.mo": "988e300efcdf69d08338a506b47da2536a376187542a731dcc83b427c711a23d",
      "base@0.11.1/src/ExperimentalCycles.mo": "914a997e981431b104ec8ef6c263908738ce88a3858d93cff7d1b3290cd6b68f",
      "base@0.11.1/src/ExperimentalInternetComputer.mo": "e07df014187a4368ce047ffdb039d3eab9cf0b18235dded8d74aae23d86ddf79",
      "base@0.11.1/src/ExperimentalStableMemory.mo": "70330ae4d113e15d1d211c8ea229bc0a6fc6c014f5fece58aea0de90c82e4fff",
      "base@0.11.1/src/Float.mo": "124c2e3b5d78b6e1448d99c3870c28f03b959f332f409fa8003b2de12bceb297",
      "base@0.11.1/src/Func.mo": "bea8bcb92707a255814e0a7d79c238e490860c38001438612948704027f05bec",
      "base@0.11.1/src/Hash.mo": "99d7add2ed6e82cf482593ac85edd231d507ef542608cd42fec1cc6d764906e9",
      "base@0.11.1/src/HashMap.mo": "639c3377687ef59c22ac8df7ef5b26cf6c9689a356ea1ac9fbe215819db59adf",
      "base@0.11.1/src/Heap.mo": "517b746ca16d80b9b7cf3fc6c2883854d4cb240bd494a888fb65ac02441f769b",
      "base@0.11.1/src/Int.mo": "3dc2fe075ca553d92cb8178f3216a591233376ffb591d42a8f08bd86c7b5cea6",
      "base@0.11.1/src/Int16.mo": "586617af6cef687bd05cd29cd0c785b366ad5ad2b871151f909de76671b755c3",
      "base@0.11.1/src/Int32.mo": "bcb4775ef68e0b2b5b872771abcda8eaef4e0a126562b0877e91b3a1ebaaffd6",
      "base@0.11.1/src/Int64.mo": "7cfa15c6a8b777fb5f67e841da3d0960a5ef43c66d46acdf354e8a7dfac57d2d",
      "base@0.11.1/src/Int8.mo": "dfdaf280fe2a1b7524cf82116ccdeea5c70cb27046b8addd3c3d9f387b17f594",
      "base@0.11.1/src/Iter.mo": "b06f5700cc1d390368d04a62977a929e9d67af1a1a2738728c3c5d00fcf913b5",
      "base@0.11.1/src/IterType.mo": "1b6361f1b7ee81d1974719c8464c8c574aaee992c37c3c7b6c39f107a58af01c",
      "base@0.11.1/src/List.mo": "70cdb49fd1e49043283ebc87c65d827824b8913fff6ae87d6d76ac954a5699f9",
      "base@0.11.1/src/Nat.mo": "d2d24f2b42365b3a54c8bb3cf467b94d1ec7f3271a7d0f671986c04a39a8b844",
      "base@0.11.1/src/Nat16.mo": "42483fe26ec90fcfc5d90e82df945ea128d10145dada4ee8f68ee85e62f17841",
      "base@0.11.1/src/Nat32.mo": "7919cf0598707ae3628d70caa3bb44c04e3bd940752b85481f4f071cde89b66a",
      "base@0.11.1/src/Nat64.mo": "dce2861f9674d6301fb2b98475460e85b3d245537c52e3c7a90fac257e5c96f0",
      "base@0.11.1/src/Nat8.mo": "b9266d0b5e284288beeca990963cb7a8c9492d69771c656d0501507a613802ba",
      "base@0.11.1/src/None.mo": "b204a4964519117e6fa8ee82da5653376988cf618fc397205dfc8ea58f60d2d1",
      "base@0.11.1/src/Option.mo": "72c9ddc183b6248375e0f96efd33881a130a465f97e6a3a553ffe8f16bb5fba7",
      "base@0.11.1/src/Order.mo": "d8c76128271612469d052520f10af726556df78688729f9856b62ea292e0f43f",
      "base@0.11.1/src/Prelude.mo": "7b4ea84cb683203c68d6135b524ca5587a1b23436d6733e0aaf723d36be4aa85",
      "base@0.11.1/src/Principal.mo": "5e50eba952b7de62450264a2ece0af6edadd0b6dd4c8cfd2e432ca66022f70ab",
      "base@0.11.1/src/RBTree.mo": "042b7f8252051607d23699e811b1152e40d69b44fa30fe52cbcc642cccd613d0",
      "base@0.11.1/src/Random.mo": "15f6fd50d10a9eb401c3f18f19874fb334fec309e94499a46a0a876037dca266",
      "base@0.11.1/src/Region.mo": "f14c8d6da57cba58372d84ea75ae5c5e21048371e7fee09379427649bbb48957",
      "base@0.11.1/src/Result.mo": "bfe7b8340c9d0a2ead312d9715958f7dd63951ade2a13e27baaeb2313bbfb6d7",
      "base@0.11.1/src/Stack.mo": "d374d9db2719758242ccf10a1db633ee82393e5b6630b37315b635f1623604da",
      "base@0.11.1/src/Text.mo": "877c2b26a831755b735f4432908ae1c901146f1f6e1edee096e9debeefdf15bc",
      "base@0.11.1/src/Time.mo": "4e2a6126d0a2b0b862735adbde93620a70cb388af25a87c7b853650abd0743ab",
      "base@0.11.1/src/Timer.mo": "6d1c5203670163e689484231c1c34add09938621f9f21ce1390d0d8c4e3ec31d",
      "base@0.11.1/src/Trie.mo": "c26a320de28a5c963fcf8d17673d1aa46a5666e28939df11c7570b6389dd245d",
      "base@0.11.1/src/TrieMap.mo": "47e484b3509c7806ee186a03ee50084a2a5029d3b5b2cc1b86da2b3311fd7845",
      "base@0.11.1/src/TrieSet.mo": "147be4e31c39e0c7a9b817bbc542e2ca979bc57f3322533048ad7fb76235c7ce"
    },
    "caffeineai-authorization@1.0.1": {
      "caffeineai-authorization@1.0.1/README.md": "7df09c051d9943be6cab58bfc0a208425b1d48512ae7f73b898dfed86ec6fd85",
      "caffeineai-authorization@1.0.1/mops.toml": "9e1e2de1fb345243a097681d3fe37d1981b958889ca2934eaebab642105591fe",
      "caffeineai-authorization@1.0.1/rules/mixin-authorization-included.toml": "57fa6a81594ea8c12e0a3315c36dec4adf718444b8ef70a11cda1aaa1b11624a",
      "caffeineai-authorization@1.0.1/rules/no-redeclare-assign-caller-user-role.toml": "e8669dfe4931aaa4268682877388255342ce2cb2cdafd21a121ddf22ef42b500",
      "caffeineai-authorization@1.0.1/rules/no-redeclare-get-caller-user-role.toml": "934befe7ed91e8b7b8d7e9ec583730cbd2965b5f77354cea2770b709c1558093",
      "caffeineai-authorization@1.0.1/rules/no-redeclare-internet-identity-sign-in-finish.toml": "c53868c9559c32d72db95f9152b3258e90f8c2f793987d2f6ae2087f317cf433",
      "caffeineai-authorization@1.0.1/rules/no-redeclare-internet-identity-sign-in-start.toml": "dda2e25e1baad0b90e897ae3db6206f9f3b66c2feeda4391bfd0bd4d82764036",
      "caffeineai-authorization@1.0.1/rules/no-redeclare-is-caller-admin.toml": "10a57bed38437b1db5624f3b7261ee5f5922311b0bd30e01e2007a7edb274946",
      "caffeineai-authorization@1.0.1/src/MixinAuthorization.mo": "2fb1834b4f239c9f7eba746cdc3af3359903cb2002caa3e3969683ddf4c2a309",
      "caffeineai-authorization@1.0.1/src/access-control.mo": "fc5e3a6d16aedd165b16241f6302c8358a997cb3b58635e46533ba8c738f4f40"
    },
    "caffeineai-lints@0.1.1": {
      "caffeineai-lints@0.1.1/README.md": "c0ac968c7d377cf7fd564b2cc2d211ba68055100e2a3c4152498fa11d6411e15",
      "caffeineai-lints@0.1.1/mops.toml": "e39a54fcbeb6e4e6aad5974dee8fcb1a118c6a9f44cd4dcdde7864f9df2a881d",
      "caffeineai-lints@0.1.1/rules/migration-self-contained.toml": "84f6aa103597b5d708218aff3477bac261f30492d2f7bc13f146ee33d2c9bb65",
      "caffeineai-lints@0.1.1/rules/no-base-import.toml": "fe2562d94ca0abbfbe50f51584d9f2e74abc14b1373999f13e4dfd49ca5d11b0",
      "caffeineai-lints@0.1.1/src/Lib.mo": "5417424c5ea911f4e7a2730705fbd3d3ce5868b6e62b8abfbb91807515995036"
    },
    "caffeineai-oql@0.6.2": {
      "caffeineai-oql@0.6.2/README.md": "75c40cd6822859ddbe9edf9327465dfa0e2a00a07cbb5d58f558a6b642331bfb",
      "caffeineai-oql@0.6.2/mops.toml": "9ec37f28582ac547f375c3d869ec3065f81a04b86fab3579fa7b67fabc9cb69b",
      "caffeineai-oql@0.6.2/src/ArrayEntity.mo": "1d46698cd55b022394037f77a20be80db2bfe79acc7182d9157dea19c59365ed",
      "caffeineai-oql@0.6.2/src/Auth.mo": "7d5c03b6625d60e65a704060a21ec3ce634df6f86fde470b87c9ea4d48ea1005",
      "caffeineai-oql@0.6.2/src/Backfill.mo": "db327ce1b1c0ae941477c9fc6c02bfb95ace241781bfb707abc63a39ac0910f7",
      "caffeineai-oql@0.6.2/src/BlobValue.mo": "56341d56197000f7f713457a3d688fc6baf21652f696c7e51bc9cc9a5e595cd4",
      "caffeineai-oql@0.6.2/src/BoolValue.mo": "6183eacb2dfd2cd3da631a398150b58a2f4079e4fb9537ec5e7e925f06b3a1e3",
      "caffeineai-oql@0.6.2/src/Entity.mo": "a7916aaa30465acd71b6007d65a9922897c8f097c05b503adb6d7ef8abcf879d",
      "caffeineai-oql@0.6.2/src/Executor.mo": "de0260cc056eec71bbe871852961a29e57f7f089652c6cc3951f313268803987",
      "caffeineai-oql@0.6.2/src/Expose.mo": "8a93db1a512dd2a78099b1bbef338796f24722d6352b2968da6780ef27bca87d",
      "caffeineai-oql@0.6.2/src/FloatValue.mo": "9275cd950d597ca1b46f0ef3a1807c4f8430b54947f4ecdfc644c4c81030ece1",
      "caffeineai-oql@0.6.2/src/ImportData.mo": "8a6388ca51b04cfe1804156075ff4f4c838bfc71922d1ff4c21cd27a5df40382",
      "caffeineai-oql@0.6.2/src/IndexedMap.mo": "6ec8198021797a3d432f0e789e8fef8e7056b280d7c0f05181fa436fe5ce28c1",
      "caffeineai-oql@0.6.2/src/Int16Value.mo": "4ccdf3d1f38963b73b8aae662c62f6d1366cc75c4f9ad70b8fd99ba631b2361d",
      "caffeineai-oql@0.6.2/src/Int32Value.mo": "35873ac50042901178ed6ea24fc96a6efce553fe22c4b3787a92f775e558d5b8",
      "caffeineai-oql@0.6.2/src/Int64Value.mo": "de81a36186a1078b217810515eca1a5e4610705399df74e8ae0adaa3d1c58867",
      "caffeineai-oql@0.6.2/src/Int8Value.mo": "7f1326b573aa7ac5ae0b16784dbb5a5384896b1dd85fac1f1eea3f981bff22b8",
      "caffeineai-oql@0.6.2/src/IntValue.mo": "829a801852d0501272d06e37ad40a180e1252fe168df53a1aeb2c2f4b694a0d3",
      "caffeineai-oql@0.6.2/src/Json.mo": "9821e6dbfc664ca5d8cf00e2b87b067fa6937eb08f22aaae36ef8f8c53ab787f",
      "caffeineai-oql@0.6.2/src/ListEntity.mo": "a1f091747793184845e8ac2d7232742b4beca84dbf34f1f4a3eb8a3364a18ebd",
      "caffeineai-oql@0.6.2/src/MapEntity.mo": "442403b206fb9666a612be4316549bfceea87c7bde23072e33b4b46d66aaaacd",
      "caffeineai-oql@0.6.2/src/Nat16Value.mo": "20ce06b57e1fc0638302b2de0643db906e3f88c3af86b5ed8005a4c863fd1c58",
      "caffeineai-oql@0.6.2/src/Nat32Value.mo": "8f75cefe5d77aa172b465102572661c274c122b5662cbcc9f5504728298ab665",
      "caffeineai-oql@0.6.2/src/Nat64Value.mo": "2fe61dcd8e81c0faa6cf84110df25d53759a5a2b4372681f68529c4487ccd9a4",
      "caffeineai-oql@0.6.2/src/Nat8Value.mo": "1eb2ab52438fb068985fcc8bc32b5849a9ebf0b088182d095397881500d1092b",
      "caffeineai-oql@0.6.2/src/NatValue.mo": "0326cb16cfbb760f5a1a9587f62bb407d48eea442eee627e766cebb69b6ac609",
      "caffeineai-oql@0.6.2/src/Posting.mo": "ba56d528962f96121afa920abb12b85414f26e109bd54cb1b6eb0048ce92596e",
      "caffeineai-oql@0.6.2/src/Predicate.mo": "74a0ecd517803244f100596fb67372ce13cffccc726d3916a7d99e66888a36da",
      "caffeineai-oql@0.6.2/src/PrincipalValue.mo": "cfb42893d9fe31331cd3e33f5be67c77ee78b70718e717b866d45a63cde78b35",
      "caffeineai-oql@0.6.2/src/Query.mo": "db14b720bfaa563c01adcbcc15f5f19ab4d9613795673676b3b928f031ecd23d",
      "caffeineai-oql@0.6.2/src/RecordValue.mo": "17a9b2770b9e6b85f39fdde45f7c98d2f1e860531d72e17f40486f75886b4039",
      "caffeineai-oql@0.6.2/src/RegionIndex.mo": "881877a420346fbd4eba6467b699221bcd91f69b1e7854f99fb700b5972d198e",
      "caffeineai-oql@0.6.2/src/Registry.mo": "71227998c8a9b446fa433e047c3e63f1ae44249f3a1b7026af8b91a59fad45dd",
      "caffeineai-oql@0.6.2/src/Schema.mo": "8964bbd4680bffc2b6276a0680d50214793fe58443ddca701094c98b5080a72d",
      "caffeineai-oql@0.6.2/src/SecondaryIndex.mo": "afbe7877551e151fc856ad93424f8cdf555e8880a0838c3f23fa6fa3c48010bc",
      "caffeineai-oql@0.6.2/src/SetEntity.mo": "878b37e85a08c00e85651c4eade7faff5ccb406b1359b8b2cd5f673c76972668",
      "caffeineai-oql@0.6.2/src/Table.mo": "ff39e03562b3ae57a7e541052f206d9f8cb80fa846b9ad4d6bf1ca9acf5c16fd",
      "caffeineai-oql@0.6.2/src/TextValue.mo": "0631b2e81e0a669cffe0778b872c70ef7a9d0245b16c360b36e92cb69e497cfa",
      "caffeineai-oql@0.6.2/src/Types.mo": "0629a287e9bf17065302ec276c41fb1ae13172e430f7a66634b0ff1b5dee43fc",
      "caffeineai-oql@0.6.2/src/VarArrayEntity.mo": "439a5b12f21ba577902912dc32e02d1453e7eed0a491a00eefd3f48629b60440",
      "caffeineai-oql@0.6.2/src/columnar/Cell.mo": "947c74244a67cb8943c8f367c173978d010d6e93eb989becd4a8de447f396014",
      "caffeineai-oql@0.6.2/src/columnar/Columnar.mo": "16df9f552e03408557c21f8269dacbc95f73e989f5b440321756d53169fbf49e",
      "caffeineai-oql@0.6.2/src/columnar/Hash.mo": "2daddc5c43d767980ba467e650046a6d1a1b799e0173d19590cf03843738d4b0",
      "caffeineai-oql@0.6.2/src/columnar/HashSegment.mo": "9974b0346aa65c0189094374c4be1c44902b2211ac2463ebaf536d8592664fd9",
      "caffeineai-oql@0.6.2/src/columnar/Image.mo": "78b292b18c1a69cca5d8edea2e138e68137b55c9ec3689c81cd7254e573a641f",
      "caffeineai-oql@0.6.2/src/lib.mo": "6f7e9f6d4ac9ed954b8d876fa1276159d27b34b875bb641878f27e288aaf0ede"
    },
    "core@2.6.2": {
      "core@2.6.2/LICENSE": "840e3d57a38a8061f55d04470fbd58b9345326fa04ea10ee42add5c6e3b2aa08",
      "core@2.6.2/NOTICE": "d62ca4ef9e2c9df064115c339013593cf0769e2b9dc78fa4b3211222541c7f83",
      "core@2.6.2/README.md": "7056d54f48ca296df871052484be93469d3a53bf3c689f80786940534c2e7646",
      "core@2.6.2/mops.toml": "dc869b85d2df9aed070b26d3a0c05aa7355c516a93d966089502ad0e44d8f44a",
      "core@2.6.2/src/Array.mo": "5d8491709620bd9551a87f59b200a3733bfae788a51183a3cd8df521a7280358",
      "core@2.6.2/src/Base64.mo": "0d70a221a21a1bfb7ad79da30271f6e1f892a4148f8c844975b108c2e052ea3f",
      "core@2.6.2/src/Blob.mo": "2276e03774079e755f30838c68fa2b3d20f1af09afd53e9f994f1dd04a31b44a",
      "core@2.6.2/src/Bool.mo": "9f23eb2aea065c9588446846f3b7c0f0e4b33ccf5825675afbb98cad2ab042ac",
      "core@2.6.2/src/CallerAttributes.mo": "7ac5ea306f7e4393a7830a1dd522583d3388b8dd4667db132ee77ba9ae131f66",
      "core@2.6.2/src/CertifiedData.mo": "d1e0561889cf2ba6dd49166e98d35b874c1ee7d5ac54251adcc9e24c2cb01788",
      "core@2.6.2/src/Char.mo": "864809c40ac907dc4f7f525769c7d4d4d66b278ad639da1d18e6201b1c60c7fc",
      "core@2.6.2/src/Cycles.mo": "9f5c1fceea47f05c43f22a1c25e8753fb7e552e36106d27bceef24b1310f4cbc",
      "core@2.6.2/src/Debug.mo": "526c3f9d94e4a682917febb7b0021831a7cc345a2aa63e2499ddeda33cf63b3e",
      "core@2.6.2/src/Error.mo": "004f5f233aaf1234b0c4011fb9975f7a975caaf11e61897996f5eaf1167d9a70",
      "core@2.6.2/src/Float.mo": "5cedfd9b42f79d6a4c5d984dd895542b70b1b23afc704486595d6247d81e2438",
      "core@2.6.2/src/Float32.mo": "f18868603519d69289e049367f12fda160480dc44bc917b911b29a8cf84cef50",
      "core@2.6.2/src/Func.mo": "82734ba207ef38e5ff6cfcf3df8315e587316df3d3cdf2803e76df982547daf7",
      "core@2.6.2/src/Int.mo": "afb421101c46dc2ab28433451b2969847c38564067b2be300d111ad393b86ad9",
      "core@2.6.2/src/Int16.mo": "a6b33d80f900e8f94bf317727fb6d4777191d0304430cd9e08af34ada00ca339",
      "core@2.6.2/src/Int32.mo": "06a69a5fdb5224b5f6184bd35c1d1bd756fc197527ca9262bd19ea3b304ebb7e",
      "core@2.6.2/src/Int64.mo": "e3c3a0355f3c0ea3c8c70d9bc6e300b19a318a71ae0e475cfe4012d0b41d0fce",
      "core@2.6.2/src/Int8.mo": "e29df82bf43aca0c657c8c1c6e77c72605cf64b774a42f267369f9001b1620b1",
      "core@2.6.2/src/InternetComputer.mo": "969951411beb5caf7d60ba6d5e906a5c70a3b466cee42e1135d1cd3d791cb3a1",
      "core@2.6.2/src/Iter.mo": "0c9b698035a925daac34b16381dfc59227117ad13e8abe4a32323340ff2497af",
      "core@2.6.2/src/List.mo": "32352b84395aef041314ec0715a1f299726d110ab8a383a3b04c67d410c1952d",
      "core@2.6.2/src/Map.mo": "dd47b29e2e877431f373195d8859bc510e841a2dd67a26bd6094359ae87b3205",
      "core@2.6.2/src/Nat.mo": "52fb40a9849674df1fcf60ca78de9761270071f5ee9c72acb23d2e216fd4eea0",
      "core@2.6.2/src/Nat16.mo": "ff3682d1b233721065d9157e4587e8cbd100b882033621d01d1b47cb67ce68fa",
      "core@2.6.2/src/Nat32.mo": "6886e8148867a10fa58f94b31cd6de84322cc274cc06b758ddc1784445648259",
      "core@2.6.2/src/Nat64.mo": "fc295f4fb2542b8777e81e7b7fc6f1624a3ee67b52db5c756664fe59a93cfdb7",
      "core@2.6.2/src/Nat8.mo": "c08a40665121fd2b26764bc1cde3ac19ee075d4416a0091ddae446d539ee94a9",
      "core@2.6.2/src/Option.mo": "8f36b84062850449bc4a36686d0d9b44d65d1e73b02ee9f1388348bedfb71139",
      "core@2.6.2/src/Order.mo": "6c21e905e1e8c2b40cd50438218230c207d0bbec0d2514779edd76f9f84a812c",
      "core@2.6.2/src/Principal.mo": "3279a8246b19429c312df62ac6b3a75b87d5010d61ae11a99af715f6a0f32fc7",
      "core@2.6.2/src/PriorityQueue.mo": "9da3d0a3db71dc8388dc07e9833fe7a591404c2aae9faf3617e0f2de7ee007ac",
      "core@2.6.2/src/Queue.mo": "3399d7b8255339e1c732fc396f666e18227b8540bdb471148307bb210cd545ea",
      "core@2.6.2/src/Random.mo": "b60f8a72134bab5f527da3c929e63f4ade612ad0799fba576c218f73cbdfad88",
      "core@2.6.2/src/Region.mo": "b64c3481db5a9dbb2d3a97941830d909a11fe99309a57a3287568420e94051ed",
      "core@2.6.2/src/Result.mo": "c5589dac636511dfb72ebd6e4abba37fe8ade3fc53e012b982d17490f81fdb6d",
      "core@2.6.2/src/Runtime.mo": "d221bd16b45cb717cb4ef4fd698fa8632a415aecbbb5a6fdc8b5cd4bc50a9e56",
      "core@2.6.2/src/Set.mo": "6ec9674e38c75cd53ab0d9d5859e25d2425509c6fe9cd002ce5d82e6f5655679",
      "core@2.6.2/src/Stack.mo": "c188967547cd644aa40a47c7e7178eb3a7a58b2527397ff08859afb0608d7064",
      "core@2.6.2/src/Text.mo": "57aea0e82985cbddc59bd13bb3528f9283941803e65479533d04284179b24c6a",
      "core@2.6.2/src/Time.mo": "aa2c5c4f2c9f175c1bd1b5733f49a2e896bb13488b6ec8ef30041b84de02e387",
      "core@2.6.2/src/Timer.mo": "428c991db49b4cd81724bb515f77bb29d45342296e2cdfbb14530d213b19f71b",
      "core@2.6.2/src/Tuples.mo": "d5eb192be7c3cd7fba85cc2083c4c5311448033be778abc9c7e8feb2df3da2e2",
      "core@2.6.2/src/Types.mo": "00dc0132996b3bb3eaf5cc4413be78ca860137ef26f5b472b0e7b3ef68f6652f",
      "core@2.6.2/src/VarArray.mo": "71012765b75edc65c027a0a9c6823bdb03af9404b11b49cc614307e3ea851e18",
      "core@2.6.2/src/WeakReference.mo": "f48c3e9a7635fcb5aea72fcede698843d4650e90f7b64add7ad3e633ee825d09",
      "core@2.6.2/src/internal/BTreeHelper.mo": "f7cf4edc038962111ab091b5ba214dc9091f35ee76f83c6a72fe1c00e7aee83f",
      "core@2.6.2/src/internal/PRNG.mo": "8a93e87baa2b12f613c82394a4a05b425e44a695bbace4ca36f9a1f78be26442",
      "core@2.6.2/src/internal/SortHelper.mo": "fff4f2eec5c59a3db13e46eeb69152bb1b98931f45cb58ac481439a0cd0d10bb",
      "core@2.6.2/src/pure/List.mo": "dfce35e644aaea4c7f43a7320a5e8ee7bcc1022b3205801dc30af3e7f04b5a4f",
      "core@2.6.2/src/pure/Map.mo": "3537759bd39ae188430b69610f1f2b22baa4dd85b2b2a0f50f26262551d3e95f",
      "core@2.6.2/src/pure/Queue.mo": "6436a3c07dcaba9df113c04b289f4f1f75599cdccf8a34b266187212e37927ed",
      "core@2.6.2/src/pure/RealTimeQueue.mo": "1a80e071b0282c608ebaa26544dea6bd747915c8023d86b7da7614febf23c7a5",
      "core@2.6.2/src/pure/Set.mo": "a5317cfdf0b4aeaa19008d4d5dc3dc744cb631fc4de0d43f2d18360e56707e0a"
    },
    "ic@4.2.0": {
      "ic@4.2.0/LICENSE": "ec415b57f8143746b567c94bfad243f5342f3edf110c94641a1a60e02722db55",
      "ic@4.2.0/README.md": "4aacc06321244e54f741e9d826f3d374144a4b32372cb58dddaedcaad2e12bc3",
      "ic@4.2.0/mops.toml": "90a4087e4c1fb5ca9b976d824370bca632d860191eedd0461ac85bdbc4169f55",
      "ic@4.2.0/src/Call.mo": "b4a3572e5617d0b1eb696450344b65e99504f844794e7ddf1cff664fcfeb2994",
      "ic@4.2.0/src/Types.mo": "3d145437f9b8c6a661266ec659c9522c4b9001b50954945816e746f48028c9fc",
      "ic@4.2.0/src/lib.mo": "9d9ec84a85eb25d191c1cae99cb841d9b6e0cf0f9bc27c3f3805ac9673d7bef1"
    },
    "identity-attributes@0.4.0": {
      "identity-attributes@0.4.0/LICENSE": "840e3d57a38a8061f55d04470fbd58b9345326fa04ea10ee42add5c6e3b2aa08",
      "identity-attributes@0.4.0/NOTICE": "ae3a34e972617652978a72d81f2af03822b81ccd5f2d40c08fe8ad83e16fc71e",
      "identity-attributes@0.4.0/README.md": "9678275d74b736f88906aedc2b6328dfa14937864bc4010d48542028a3050927",
      "identity-attributes@0.4.0/mops.toml": "e99bd2eb4a35e136af41efdb47c66e44165183e1dcbf4d03fdae1776c480a5d6",
      "identity-attributes@0.4.0/src/Internal/Attributes.mo": "7c52658b3be8dc0ab8b25f175e54af914f813f7d95cb9dde6301f4088f0dabc8",
      "identity-attributes@0.4.0/src/Internal/Challenges.mo": "e313386cdc13ce92baf745f64bf54cf40d4d30d3265e6797aa86212659c8c8f2",
      "identity-attributes@0.4.0/src/Internal/Value.mo": "135d2d56c4d5e114f5325c68231d6e1ca5f01a51113d29571b2836105ecd547c",
      "identity-attributes@0.4.0/src/Internal/Verify.mo": "65c6d4dcc3bc6bebd8cc2e93cb434d9c382f83b2a1608a162e776c100e497893",
      "identity-attributes@0.4.0/src/lib.mo": "dcdf2d82818c4793daed63db051cc99b08a75cef14f696675ef92b0b559ce6b7"
    },
    "json@1.4.0": {
      "json@1.4.0/LICENSE": "0f37247f2456cd129ab89f73eb6bb6fb385884570de60cbc96da9aeca0765660",
      "json@1.4.0/README.md": "05a648e7dd1384458c69a090b518f6dbf166262bd294ecc3dd726cff6b7bf9d1",
      "json@1.4.0/mops.toml": "975f88a887aaa74d22e75bdf8e601537074b9ea6b98066eaef106a1dedb35928",
      "json@1.4.0/src/Cursor.mo": "3a555d38ab51a44ac952ee63bb1098a22a3bcc9543c66e70e76046feb2aeb24a",
      "json@1.4.0/src/Lexer.mo": "0c30924f6e550c8f810e93bea1a147f9ffdd93159551ecd49441880102f36ce0",
      "json@1.4.0/src/Parser.mo": "a08bf4928fed4d41505613bb0ccced32510c482cefbe3b7f10ed1a517d52e29f",
      "json@1.4.0/src/Types.mo": "276cb48956b3249f596587b8ba344abc13d5a945b7f64e5f84b107924629c698",
      "json@1.4.0/src/lib.mo": "958b42af7c4c4f8c534d6f0e9d781c0d1c693b0f51a538c47da771dd99aa77d0"
    },
    "xtended-numbers@0.3.1": {
      "xtended-numbers@0.3.1/LICENSE": "7caf02fc1ac48db886244237e0fa148cea6c360daabcbccd3e6d26da422bb06b",
      "xtended-numbers@0.3.1/README.md": "df334a5b7f8774bffe09495de9bacb4616d20ad431d50dd7f04fb3e923044cef",
      "xtended-numbers@0.3.1/mops.toml": "4e9deb52b4cef8a768011966ecad1b7eea3daa14349946c118a1b5126e36b9d2",
      "xtended-numbers@0.3.1/src/FloatX.mo": "a2fd81ca4ce3fa47e871ba4d166c0ec4c90ee117663e9f1e28d1cc26ca4652f2",
      "xtended-numbers@0.3.1/src/IntX.mo": "a82947577982a37841ede78c7a4e27568c11bffeb86bb76d03d27eb9ef99a0b3",
      "xtended-numbers@0.3.1/src/NatX.mo": "735ec54844fe8cd6640c4fb0909e8312608db18c192fe278ee9faeb0187217cc",
      "xtended-numbers@0.3.1/src/Util.mo": "e634a191e215bb09593e0bea5df104fa76e8c9f5cd9e3ca28303d7518ab74c00"
    }
  }
}